schema: '2.0'
stages:
  train:
    cmd: python train.py
    params:
      params.yaml:
        epochs: 10
        sleep: 3
    outs:
    - path: dvclive/metrics.json
      hash: md5
      md5: f66138cd05e42cd818ffc65c058aea30
      size: 80
    - path: dvclive/plots
      hash: md5
      md5: e5343ce5a05f35d21e4ce0d22131ec14.dir
      size: 426
      nfiles: 2
