schema: '2.0'
stages:
  train:
    cmd: python train.py
    params:
      params.yaml:
        epochs: 10
        sleep: 3
    outs:
    - path: dvclive/metrics.json
      hash: md5
      md5: d4adab2691dd4bbe0fdd5d7e870d4ee5
      size: 79
    - path: dvclive/plots
      hash: md5
      md5: 1d03052270565db66f91ec98c29ca344.dir
      size: 423
      nfiles: 2
