schema: '2.0'
stages:
  train:
    cmd: python train.py
    params:
      params.yaml:
        epochs: 10
        sleep: 3
    outs:
    - path: dvclive/metrics.json
      hash: md5
      md5: f0cdabe2e416f17ce1a3f8ed60f67d78
      size: 79
    - path: dvclive/plots
      hash: md5
      md5: c35620d160f9def31c3f533404a1cbd7.dir
      size: 425
      nfiles: 2
