schema: '2.0'
stages:
  train:
    cmd: python train.py
    params:
      params.yaml:
        epochs: 10
        sleep: 3
    outs:
    - path: dvclive/metrics.json
      hash: md5
      md5: 8e590989c5d12ccdaaf6c848b273f75a
      size: 79
    - path: dvclive/plots
      hash: md5
      md5: 42912aa576ef05e79dce4ad17a71d532.dir
      size: 422
      nfiles: 2
