schema: '2.0'
stages:
  train:
    cmd: python train.py
    params:
      params.yaml:
        epochs: 10
        sleep: 3
    outs:
    - path: dvclive/metrics.json
      hash: md5
      md5: f77f48736850daaabe88f2befc4be46b
      size: 79
    - path: dvclive/plots
      hash: md5
      md5: 2580773ee70394916909119d653dc4e2.dir
      size: 426
      nfiles: 2
