schema: '2.0'
stages:
  train:
    cmd: python train.py
    params:
      params.yaml:
        epochs: 10
        sleep: 3
    outs:
    - path: dvclive/metrics.json
      hash: md5
      md5: eea5c94b4a66c7a13abb6cc8ec0302c6
      size: 80
    - path: dvclive/plots
      hash: md5
      md5: 7e877c2694f5b94b9515fff9b984c147.dir
      size: 427
      nfiles: 2
